// !$*UTF8*$!
{
	archiveVersion = 1;
	classes = {
	};
	objectVersion = 50;
	objects = {

/* Begin PBXBuildFile section */
		A59129BA251FB8F500BD9435 /* _1_iDineApp.swift in Sources */ = {isa = PBXBuildFile; fileRef = A59129B9251FB8F500BD9435 /* _1_iDineApp.swift */; };
		A59129BE251FB8F700BD9435 /* Assets.xcassets in Resources */ = {isa = PBXBuildFile; fileRef = A59129BD251FB8F700BD9435 /* Assets.xcassets */; };
		A59129C1251FB8F700BD9435 /* Preview Assets.xcassets in Resources */ = {isa = PBXBuildFile; fileRef = A59129C0251FB8F700BD9435 /* Preview Assets.xcassets */; };
		A59129CC251FB8F700BD9435 /* _1_iDineTests.swift in Sources */ = {isa = PBXBuildFile; fileRef = A59129CB251FB8F700BD9435 /* _1_iDineTests.swift */; };
		A59129D7251FB8F700BD9435 /* _1_iDineUITests.swift in Sources */ = {isa = PBXBuildFile; fileRef = A59129D6251FB8F700BD9435 /* _1_iDineUITests.swift */; };
		A59129EB251FBBEF00BD9435 /* Helper.swift in Sources */ = {isa = PBXBuildFile; fileRef = A59129EA251FBBEF00BD9435 /* Helper.swift */; };
		A59129F5251FBC4F00BD9435 /* Menu.swift in Sources */ = {isa = PBXBuildFile; fileRef = A59129F3251FBC4F00BD9435 /* Menu.swift */; };
		A59129F6251FBC4F00BD9435 /* Order.swift in Sources */ = {isa = PBXBuildFile; fileRef = A59129F4251FBC4F00BD9435 /* Order.swift */; };
		A59129FC251FBCC800BD9435 /* menu.json in Resources */ = {isa = PBXBuildFile; fileRef = A59129FB251FBCC800BD9435 /* menu.json */; };
		A5912A05251FBF0200BD9435 /* MenuView.swift in Sources */ = {isa = PBXBuildFile; fileRef = A5912A04251FBF0200BD9435 /* MenuView.swift */; };
		A5912A0D251FC2D800BD9435 /* ItemRow.swift in Sources */ = {isa = PBXBuildFile; fileRef = A5912A0C251FC2D800BD9435 /* ItemRow.swift */; };
/* End PBXBuildFile section */

/* Begin PBXContainerItemProxy section */
		A59129C8251FB8F700BD9435 /* PBXContainerItemProxy */ = {
			isa = PBXContainerItemProxy;
			containerPortal = A59129AE251FB8F500BD9435 /* Project object */;
			proxyType = 1;
			remoteGlobalIDString = A59129B5251FB8F500BD9435;
			remoteInfo = "01-iDine";
		};
		A59129D3251FB8F700BD9435 /* PBXContainerItemProxy */ = {
			isa = PBXContainerItemProxy;
			containerPortal = A59129AE251FB8F500BD9435 /* Project object */;
			proxyType = 1;
			remoteGlobalIDString = A59129B5251FB8F500BD9435;
			remoteInfo = "01-iDine";
		};
/* End PBXContainerItemProxy section */

/* Begin PBXFileReference section */
		A59129B6251FB8F500BD9435 /* 01-iDine.app */ = {isa = PBXFileReference; explicitFileType = wrapper.application; includeInIndex = 0; path = "01-iDine.app"; sourceTree = BUILT_PRODUCTS_DIR; };
		A59129B9251FB8F500BD9435 /* _1_iDineApp.swift */ = {isa = PBXFileReference; lastKnownFileType = sourcecode.swift; path = _1_iDineApp.swift; sourceTree = "<group>"; };
		A59129BD251FB8F700BD9435 /* Assets.xcassets */ = {isa = PBXFileReference; lastKnownFileType = folder.assetcatalog; path = Assets.xcassets; sourceTree = "<group>"; };
		A59129C0251FB8F700BD9435 /* Preview Assets.xcassets */ = {isa = PBXFileReference; lastKnownFileType = folder.assetcatalog; path = "Preview Assets.xcassets"; sourceTree = "<group>"; };
		A59129C2251FB8F700BD9435 /* Info.plist */ = {isa = PBXFileReference; lastKnownFileType = text.plist.xml; path = Info.plist; sourceTree = "<group>"; };
		A59129C7251FB8F700BD9435 /* 01-iDineTests.xctest */ = {isa = PBXFileReference; explicitFileType = wrapper.cfbundle; includeInIndex = 0; path = "01-iDineTests.xctest"; sourceTree = BUILT_PRODUCTS_DIR; };
		A59129CB251FB8F700BD9435 /* _1_iDineTests.swift */ = {isa = PBXFileReference; lastKnownFileType = sourcecode.swift; path = _1_iDineTests.swift; sourceTree = "<group>"; };
		A59129CD251FB8F700BD9435 /* Info.plist */ = {isa = PBXFileReference; lastKnownFileType = text.plist.xml; path = Info.plist; sourceTree = "<group>"; };
		A59129D2251FB8F700BD9435 /* 01-iDineUITests.xctest */ = {isa = PBXFileReference; explicitFileType = wrapper.cfbundle; includeInIndex = 0; path = "01-iDineUITests.xctest"; sourceTree = BUILT_PRODUCTS_DIR; };
		A59129D6251FB8F700BD9435 /* _1_iDineUITests.swift */ = {isa = PBXFileReference; lastKnownFileType = sourcecode.swift; path = _1_iDineUITests.swift; sourceTree = "<group>"; };
		A59129D8251FB8F700BD9435 /* Info.plist */ = {isa = PBXFileReference; lastKnownFileType = text.plist.xml; path = Info.plist; sourceTree = "<group>"; };
		A59129EA251FBBEF00BD9435 /* Helper.swift */ = {isa = PBXFileReference; fileEncoding = 4; lastKnownFileType = sourcecode.swift; path = Helper.swift; sourceTree = "<group>"; };
		A59129F3251FBC4F00BD9435 /* Menu.swift */ = {isa = PBXFileReference; fileEncoding = 4; lastKnownFileType = sourcecode.swift; path = Menu.swift; sourceTree = "<group>"; };
		A59129F4251FBC4F00BD9435 /* Order.swift */ = {isa = PBXFileReference; fileEncoding = 4; lastKnownFileType = sourcecode.swift; path = Order.swift; sourceTree = "<group>"; };
		A59129FB251FBCC800BD9435 /* menu.json */ = {isa = PBXFileReference; fileEncoding = 4; lastKnownFileType = text.json; path = menu.json; sourceTree = "<group>"; };
		A5912A04251FBF0200BD9435 /* MenuView.swift */ = {isa = PBXFileReference; lastKnownFileType = sourcecode.swift; path = MenuView.swift; sourceTree = "<group>"; };
		A5912A0C251FC2D800BD9435 /* ItemRow.swift */ = {isa = PBXFileReference; lastKnownFileType = sourcecode.swift; path = ItemRow.swift; sourceTree = "<group>"; };
/* End PBXFileReference section */

/* Begin PBXFrameworksBuildPhase section */
		A59129B3251FB8F500BD9435 /* Frameworks */ = {
			isa = PBXFrameworksBuildPhase;
			buildActionMask = 2147483647;
			files = (
			);
			runOnlyForDeploymentPostprocessing = 0;
		};
		A59129C4251FB8F700BD9435 /* Frameworks */ = {
			isa = PBXFrameworksBuildPhase;
			buildActionMask = 2147483647;
			files = (
			);
			runOnlyForDeploymentPostprocessing = 0;
		};
		A59129CF251FB8F700BD9435 /* Frameworks */ = {
			isa = PBXFrameworksBuildPhase;
			buildActionMask = 2147483647;
			files = (
			);
			runOnlyForDeploymentPostprocessing = 0;
		};
/* End PBXFrameworksBuildPhase section */

/* Begin PBXGroup section */
		A59129AD251FB8F500BD9435 = {
			isa = PBXGroup;
			children = (
				A59129B8251FB8F500BD9435 /* 01-iDine */,
				A59129CA251FB8F700BD9435 /* 01-iDineTests */,
				A59129D5251FB8F700BD9435 /* 01-iDineUITests */,
				A59129B7251FB8F500BD9435 /* Products */,
			);
			sourceTree = "<group>";
		};
		A59129B7251FB8F500BD9435 /* Products */ = {
			isa = PBXGroup;
			children = (
				A59129B6251FB8F500BD9435 /* 01-iDine.app */,
				A59129C7251FB8F700BD9435 /* 01-iDineTests.xctest */,
				A59129D2251FB8F700BD9435 /* 01-iDineUITests.xctest */,
			);
			name = Products;
			sourceTree = "<group>";
		};
		A59129B8251FB8F500BD9435 /* 01-iDine */ = {
			isa = PBXGroup;
			children = (
				A59129E7251FBBB200BD9435 /* Classes */,
				A59129B9251FB8F500BD9435 /* _1_iDineApp.swift */,
				A59129BD251FB8F700BD9435 /* Assets.xcassets */,
				A59129C2251FB8F700BD9435 /* Info.plist */,
				A59129FA251FBCB900BD9435 /* Resources */,
				A59129BF251FB8F700BD9435 /* Preview Content */,
			);
			path = "01-iDine";
			sourceTree = "<group>";
		};
		A59129BF251FB8F700BD9435 /* Preview Content */ = {
			isa = PBXGroup;
			children = (
				A59129C0251FB8F700BD9435 /* Preview Assets.xcassets */,
			);
			path = "Preview Content";
			sourceTree = "<group>";
		};
		A59129CA251FB8F700BD9435 /* 01-iDineTests */ = {
			isa = PBXGroup;
			children = (
				A59129CB251FB8F700BD9435 /* _1_iDineTests.swift */,
				A59129CD251FB8F700BD9435 /* Info.plist */,
			);
			path = "01-iDineTests";
			sourceTree = "<group>";
		};
		A59129D5251FB8F700BD9435 /* 01-iDineUITests */ = {
			isa = PBXGroup;
			children = (
				A59129D6251FB8F700BD9435 /* _1_iDineUITests.swift */,
				A59129D8251FB8F700BD9435 /* Info.plist */,
			);
			path = "01-iDineUITests";
			sourceTree = "<group>";
		};
		A59129E7251FBBB200BD9435 /* Classes */ = {
			isa = PBXGroup;
			children = (
				A59129E8251FBBC400BD9435 /* Features */,
				A59129E9251FBBD800BD9435 /* Helpers */,
			);
			path = Classes;
			sourceTree = "<group>";
		};
		A59129E8251FBBC400BD9435 /* Features */ = {
			isa = PBXGroup;
			children = (
				A59129F0251FBC2F00BD9435 /* Order */,
				A59129EF251FBC2800BD9435 /* Menu */,
			);
			path = Features;
			sourceTree = "<group>";
		};
		A59129E9251FBBD800BD9435 /* Helpers */ = {
			isa = PBXGroup;
			children = (
				A59129EA251FBBEF00BD9435 /* Helper.swift */,
			);
			path = Helpers;
			sourceTree = "<group>";
		};
		A59129EF251FBC2800BD9435 /* Menu */ = {
			isa = PBXGroup;
			children = (
				A5912A03251FBEEF00BD9435 /* Views */,
				A59129F1251FBC3400BD9435 /* Model */,
			);
			path = Menu;
			sourceTree = "<group>";
		};
		A59129F0251FBC2F00BD9435 /* Order */ = {
			isa = PBXGroup;
			children = (
				A59129F2251FBC3800BD9435 /* Model */,
			);
			path = Order;
			sourceTree = "<group>";
		};
		A59129F1251FBC3400BD9435 /* Model */ = {
			isa = PBXGroup;
			children = (
				A59129F3251FBC4F00BD9435 /* Menu.swift */,
			);
			path = Model;
			sourceTree = "<group>";
		};
		A59129F2251FBC3800BD9435 /* Model */ = {
			isa = PBXGroup;
			children = (
				A59129F4251FBC4F00BD9435 /* Order.swift */,
			);
			path = Model;
			sourceTree = "<group>";
		};
		A59129FA251FBCB900BD9435 /* Resources */ = {
			isa = PBXGroup;
			children = (
				A59129FB251FBCC800BD9435 /* menu.json */,
			);
			path = Resources;
			sourceTree = "<group>";
		};
		A5912A03251FBEEF00BD9435 /* Views */ = {
			isa = PBXGroup;
			children = (
				A5912A04251FBF0200BD9435 /* MenuView.swift */,
				A5912A0C251FC2D800BD9435 /* ItemRow.swift */,
			);
			path = Views;
			sourceTree = "<group>";
		};
/* End PBXGroup section */

/* Begin PBXNativeTarget section */
		A59129B5251FB8F500BD9435 /* 01-iDine */ = {
			isa = PBXNativeTarget;
			buildConfigurationList = A59129DB251FB8F700BD9435 /* Build configuration list for PBXNativeTarget "01-iDine" */;
			buildPhases = (
				A59129B2251FB8F500BD9435 /* Sources */,
				A59129B3251FB8F500BD9435 /* Frameworks */,
				A59129B4251FB8F500BD9435 /* Resources */,
			);
			buildRules = (
			);
			dependencies = (
			);
			name = "01-iDine";
			productName = "01-iDine";
			productReference = A59129B6251FB8F500BD9435 /* 01-iDine.app */;
			productType = "com.apple.product-type.application";
		};
		A59129C6251FB8F700BD9435 /* 01-iDineTests */ = {
			isa = PBXNativeTarget;
			buildConfigurationList = A59129DE251FB8F700BD9435 /* Build configuration list for PBXNativeTarget "01-iDineTests" */;
			buildPhases = (
				A59129C3251FB8F700BD9435 /* Sources */,
				A59129C4251FB8F700BD9435 /* Frameworks */,
				A59129C5251FB8F700BD9435 /* Resources */,
			);
			buildRules = (
			);
			dependencies = (
				A59129C9251FB8F700BD9435 /* PBXTargetDependency */,
			);
			name = "01-iDineTests";
			productName = "01-iDineTests";
			productReference = A59129C7251FB8F700BD9435 /* 01-iDineTests.xctest */;
			productType = "com.apple.product-type.bundle.unit-test";
		};
		A59129D1251FB8F700BD9435 /* 01-iDineUITests */ = {
			isa = PBXNativeTarget;
			buildConfigurationList = A59129E1251FB8F700BD9435 /* Build configuration list for PBXNativeTarget "01-iDineUITests" */;
			buildPhases = (
				A59129CE251FB8F700BD9435 /* Sources */,
				A59129CF251FB8F700BD9435 /* Frameworks */,
				A59129D0251FB8F700BD9435 /* Resources */,
			);
			buildRules = (
			);
			dependencies = (
				A59129D4251FB8F700BD9435 /* PBXTargetDependency */,
			);
			name = "01-iDineUITests";
			productName = "01-iDineUITests";
			productReference = A59129D2251FB8F700BD9435 /* 01-iDineUITests.xctest */;
			productType = "com.apple.product-type.bundle.ui-testing";
		};
/* End PBXNativeTarget section */

/* Begin PBXProject section */
		A59129AE251FB8F500BD9435 /* Project object */ = {
			isa = PBXProject;
			attributes = {
				LastSwiftUpdateCheck = 1200;
				LastUpgradeCheck = 1200;
				TargetAttributes = {
					A59129B5251FB8F500BD9435 = {
						CreatedOnToolsVersion = 12.0.1;
					};
					A59129C6251FB8F700BD9435 = {
						CreatedOnToolsVersion = 12.0.1;
						TestTargetID = A59129B5251FB8F500BD9435;
					};
					A59129D1251FB8F700BD9435 = {
						CreatedOnToolsVersion = 12.0.1;
						TestTargetID = A59129B5251FB8F500BD9435;
					};
				};
			};
			buildConfigurationList = A59129B1251FB8F500BD9435 /* Build configuration list for PBXProject "01-iDine" */;
			compatibilityVersion = "Xcode 9.3";
			developmentRegion = en;
			hasScannedForEncodings = 0;
			knownRegions = (
				en,
				Base,
			);
			mainGroup = A59129AD251FB8F500BD9435;
			productRefGroup = A59129B7251FB8F500BD9435 /* Products */;
			projectDirPath = "";
			projectRoot = "";
			targets = (
				A59129B5251FB8F500BD9435 /* 01-iDine */,
				A59129C6251FB8F700BD9435 /* 01-iDineTests */,
				A59129D1251FB8F700BD9435 /* 01-iDineUITests */,
			);
		};
/* End PBXProject section */

/* Begin PBXResourcesBuildPhase section */
		A59129B4251FB8F500BD9435 /* Resources */ = {
			isa = PBXResourcesBuildPhase;
			buildActionMask = 2147483647;
			files = (
				A59129FC251FBCC800BD9435 /* menu.json in Resources */,
				A59129C1251FB8F700BD9435 /* Preview Assets.xcassets in Resources */,
				A59129BE251FB8F700BD9435 /* Assets.xcassets in Resources */,
			);
			runOnlyForDeploymentPostprocessing = 0;
		};
		A59129C5251FB8F700BD9435 /* Resources */ = {
			isa = PBXResourcesBuildPhase;
			buildActionMask = 2147483647;
			files = (
			);
			runOnlyForDeploymentPostprocessing = 0;
		};
		A59129D0251FB8F700BD9435 /* Resources */ = {
			isa = PBXResourcesBuildPhase;
			buildActionMask = 2147483647;
			files = (
			);
			runOnlyForDeploymentPostprocessing = 0;
		};
/* End PBXResourcesBuildPhase section */

/* Begin PBXSourcesBuildPhase section */
		A59129B2251FB8F500BD9435 /* Sources */ = {
			isa = PBXSourcesBuildPhase;
			buildActionMask = 2147483647;
			files = (
				A5912A05251FBF0200BD9435 /* MenuView.swift in Sources */,
				A59129BA251FB8F500BD9435 /* _1_iDineApp.swift in Sources */,
				A59129F6251FBC4F00BD9435 /* Order.swift in Sources */,
				A5912A0D251FC2D800BD9435 /* ItemRow.swift in Sources */,
				A59129F5251FBC4F00BD9435 /* Menu.swift in Sources */,
				A59129EB251FBBEF00BD9435 /* Helper.swift in Sources */,
			);
			runOnlyForDeploymentPostprocessing = 0;
		};
		A59129C3251FB8F700BD9435 /* Sources */ = {
			isa = PBXSourcesBuildPhase;
			buildActionMask = 2147483647;
			files = (
				A59129CC251FB8F700BD9435 /* _1_iDineTests.swift in Sources */,
			);
			runOnlyForDeploymentPostprocessing = 0;
		};
		A59129CE251FB8F700BD9435 /* Sources */ = {
			isa = PBXSourcesBuildPhase;
			buildActionMask = 2147483647;
			files = (
				A59129D7251FB8F700BD9435 /* _1_iDineUITests.swift in Sources */,
			);
			runOnlyForDeploymentPostprocessing = 0;
		};
/* End PBXSourcesBuildPhase section */

/* Begin PBXTargetDependency section */
		A59129C9251FB8F700BD9435 /* PBXTargetDependency */ = {
			isa = PBXTargetDependency;
			target = A59129B5251FB8F500BD9435 /* 01-iDine */;
			targetProxy = A59129C8251FB8F700BD9435 /* PBXContainerItemProxy */;
		};
		A59129D4251FB8F700BD9435 /* PBXTargetDependency */ = {
			isa = PBXTargetDependency;
			target = A59129B5251FB8F500BD9435 /* 01-iDine */;
			targetProxy = A59129D3251FB8F700BD9435 /* PBXContainerItemProxy */;
		};
/* End PBXTargetDependency section */

/* Begin XCBuildConfiguration section */
		A59129D9251FB8F700BD9435 /* Debug */ = {
			isa = XCBuildConfiguration;
			buildSettings = {
				ALWAYS_SEARCH_USER_PATHS = NO;
				CLANG_ANALYZER_NONNULL = YES;
				CLANG_ANALYZER_NUMBER_OBJECT_CONVERSION = YES_AGGRESSIVE;
				CLANG_CXX_LANGUAGE_STANDARD = "gnu++14";
				CLANG_CXX_LIBRARY = "libc++";
				CLANG_ENABLE_MODULES = YES;
				CLANG_ENABLE_OBJC_ARC = YES;
				CLANG_ENABLE_OBJC_WEAK = YES;
				CLANG_WARN_BLOCK_CAPTURE_AUTORELEASING = YES;
				CLANG_WARN_BOOL_CONVERSION = YES;
				CLANG_WARN_COMMA = YES;
				CLANG_WARN_CONSTANT_CONVERSION = YES;
				CLANG_WARN_DEPRECATED_OBJC_IMPLEMENTATIONS = YES;
				CLANG_WARN_DIRECT_OBJC_ISA_USAGE = YES_ERROR;
				CLANG_WARN_DOCUMENTATION_COMMENTS = YES;
				CLANG_WARN_EMPTY_BODY = YES;
				CLANG_WARN_ENUM_CONVERSION = YES;
				CLANG_WARN_INFINITE_RECURSION = YES;
				CLANG_WARN_INT_CONVERSION = YES;
				CLANG_WARN_NON_LITERAL_NULL_CONVERSION = YES;
				CLANG_WARN_OBJC_IMPLICIT_RETAIN_SELF = YES;
				CLANG_WARN_OBJC_LITERAL_CONVERSION = YES;
				CLANG_WARN_OBJC_ROOT_CLASS = YES_ERROR;
				CLANG_WARN_QUOTED_INCLUDE_IN_FRAMEWORK_HEADER = YES;
				CLANG_WARN_RANGE_LOOP_ANALYSIS = YES;
				CLANG_WARN_STRICT_PROTOTYPES = YES;
				CLANG_WARN_SUSPICIOUS_MOVE = YES;
				CLANG_WARN_UNGUARDED_AVAILABILITY = YES_AGGRESSIVE;
				CLANG_WARN_UNREACHABLE_CODE = YES;
				CLANG_WARN__DUPLICATE_METHOD_MATCH = YES;
				COPY_PHASE_STRIP = NO;
				DEBUG_INFORMATION_FORMAT = dwarf;
				ENABLE_STRICT_OBJC_MSGSEND = YES;
				ENABLE_TESTABILITY = YES;
				GCC_C_LANGUAGE_STANDARD = gnu11;
				GCC_DYNAMIC_NO_PIC = NO;
				GCC_NO_COMMON_BLOCKS = YES;
				GCC_OPTIMIZATION_LEVEL = 0;
				GCC_PREPROCESSOR_DEFINITIONS = (
					"DEBUG=1",
					"$(inherited)",
				);
				GCC_WARN_64_TO_32_BIT_CONVERSION = YES;
				GCC_WARN_ABOUT_RETURN_TYPE = YES_ERROR;
				GCC_WARN_UNDECLARED_SELECTOR = YES;
				GCC_WARN_UNINITIALIZED_AUTOS = YES_AGGRESSIVE;
				GCC_WARN_UNUSED_FUNCTION = YES;
				GCC_WARN_UNUSED_VARIABLE = YES;
				IPHONEOS_DEPLOYMENT_TARGET = 14.0;
				MTL_ENABLE_DEBUG_INFO = INCLUDE_SOURCE;
				MTL_FAST_MATH = YES;
				ONLY_ACTIVE_ARCH = YES;
				SDKROOT = iphoneos;
				SWIFT_ACTIVE_COMPILATION_CONDITIONS = DEBUG;
				SWIFT_OPTIMIZATION_LEVEL = "-Onone";
			};
			name = Debug;
		};
		A59129DA251FB8F700BD9435 /* Release */ = {
			isa = XCBuildConfiguration;
			buildSettings = {
				ALWAYS_SEARCH_USER_PATHS = NO;
				CLANG_ANALYZER_NONNULL = YES;
				CLANG_ANALYZER_NUMBER_OBJECT_CONVERSION = YES_AGGRESSIVE;
				CLANG_CXX_LANGUAGE_STANDARD = "gnu++14";
				CLANG_CXX_LIBRARY = "libc++";
				CLANG_ENABLE_MODULES = YES;
				CLANG_ENABLE_OBJC_ARC = YES;
				CLANG_ENABLE_OBJC_WEAK = YES;
				CLANG_WARN_BLOCK_CAPTURE_AUTORELEASING = YES;
				CLANG_WARN_BOOL_CONVERSION = YES;
				CLANG_WARN_COMMA = YES;
				CLANG_WARN_CONSTANT_CONVERSION = YES;
				CLANG_WARN_DEPRECATED_OBJC_IMPLEMENTATIONS = YES;
				CLANG_WARN_DIRECT_OBJC_ISA_USAGE = YES_ERROR;
				CLANG_WARN_DOCUMENTATION_COMMENTS = YES;
				CLANG_WARN_EMPTY_BODY = YES;
				CLANG_WARN_ENUM_CONVERSION = YES;
				CLANG_WARN_INFINITE_RECURSION = YES;
				CLANG_WARN_INT_CONVERSION = YES;
				CLANG_WARN_NON_LITERAL_NULL_CONVERSION = YES;
				CLANG_WARN_OBJC_IMPLICIT_RETAIN_SELF = YES;
				CLANG_WARN_OBJC_LITERAL_CONVERSION = YES;
				CLANG_WARN_OBJC_ROOT_CLASS = YES_ERROR;
				CLANG_WARN_QUOTED_INCLUDE_IN_FRAMEWORK_HEADER = YES;
				CLANG_WARN_RANGE_LOOP_ANALYSIS = YES;
				CLANG_WARN_STRICT_PROTOTYPES = YES;
				CLANG_WARN_SUSPICIOUS_MOVE = YES;
				CLANG_WARN_UNGUARDED_AVAILABILITY = YES_AGGRESSIVE;
				CLANG_WARN_UNREACHABLE_CODE = YES;
				CLANG_WARN__DUPLICATE_METHOD_MATCH = YES;
				COPY_PHASE_STRIP = NO;
				DEBUG_INFORMATION_FORMAT = "dwarf-with-dsym";
				ENABLE_NS_ASSERTIONS = NO;
				ENABLE_STRICT_OBJC_MSGSEND = YES;
				GCC_C_LANGUAGE_STANDARD = gnu11;
				GCC_NO_COMMON_BLOCKS = YES;
				GCC_WARN_64_TO_32_BIT_CONVERSION = YES;
				GCC_WARN_ABOUT_RETURN_TYPE = YES_ERROR;
				GCC_WARN_UNDECLARED_SELECTOR = YES;
				GCC_WARN_UNINITIALIZED_AUTOS = YES_AGGRESSIVE;
				GCC_WARN_UNUSED_FUNCTION = YES;
				GCC_WARN_UNUSED_VARIABLE = YES;
				IPHONEOS_DEPLOYMENT_TARGET = 14.0;
				MTL_ENABLE_DEBUG_INFO = NO;
				MTL_FAST_MATH = YES;
				SDKROOT = iphoneos;
				SWIFT_COMPILATION_MODE = wholemodule;
				SWIFT_OPTIMIZATION_LEVEL = "-O";
				VALIDATE_PRODUCT = YES;
			};
			name = Release;
		};
		A59129DC251FB8F700BD9435 /* Debug */ = {
			isa = XCBuildConfiguration;
			buildSettings = {
				ASSETCATALOG_COMPILER_APPICON_NAME = AppIcon;
				ASSETCATALOG_COMPILER_GLOBAL_ACCENT_COLOR_NAME = AccentColor;
				CODE_SIGN_STYLE = Automatic;
				DEVELOPMENT_ASSET_PATHS = "\"01-iDine/Preview Content\"";
				DEVELOPMENT_TEAM = 4559K3V46Q;
				ENABLE_PREVIEWS = YES;
				INFOPLIST_FILE = "01-iDine/Info.plist";
				IPHONEOS_DEPLOYMENT_TARGET = 14.0;
				LD_RUNPATH_SEARCH_PATHS = (
					"$(inherited)",
					"@executable_path/Frameworks",
				);
				PRODUCT_BUNDLE_IDENTIFIER = "com.thedarkdimension.-1-iDine";
				PRODUCT_NAME = "$(TARGET_NAME)";
				SWIFT_VERSION = 5.0;
				TARGETED_DEVICE_FAMILY = "1,2";
			};
			name = Debug;
		};
		A59129DD251FB8F700BD9435 /* Release */ = {
			isa = XCBuildConfiguration;
			buildSettings = {
				ASSETCATALOG_COMPILER_APPICON_NAME = AppIcon;
				ASSETCATALOG_COMPILER_GLOBAL_ACCENT_COLOR_NAME = AccentColor;
				CODE_SIGN_STYLE = Automatic;
				DEVELOPMENT_ASSET_PATHS = "\"01-iDine/Preview Content\"";
				DEVELOPMENT_TEAM = 4559K3V46Q;
				ENABLE_PREVIEWS = YES;
				INFOPLIST_FILE = "01-iDine/Info.plist";
				IPHONEOS_DEPLOYMENT_TARGET = 14.0;
				LD_RUNPATH_SEARCH_PATHS = (
					"$(inherited)",
					"@executable_path/Frameworks",
				);
				PRODUCT_BUNDLE_IDENTIFIER = "com.thedarkdimension.-1-iDine";
				PRODUCT_NAME = "$(TARGET_NAME)";
				SWIFT_VERSION = 5.0;
				TARGETED_DEVICE_FAMILY = "1,2";
			};
			name = Release;
		};
		A59129DF251FB8F700BD9435 /* Debug */ = {
			isa = XCBuildConfiguration;
			buildSettings = {
				ALWAYS_EMBED_SWIFT_STANDARD_LIBRARIES = YES;
				BUNDLE_LOADER = "$(TEST_HOST)";
				CODE_SIGN_STYLE = Automatic;
				DEVELOPMENT_TEAM = 4559K3V46Q;
				INFOPLIST_FILE = "01-iDineTests/Info.plist";
				IPHONEOS_DEPLOYMENT_TARGET = 14.0;
				LD_RUNPATH_SEARCH_PATHS = (
					"$(inherited)",
					"@executable_path/Frameworks",
					"@loader_path/Frameworks",
				);
				PRODUCT_BUNDLE_IDENTIFIER = "com.thedarkdimension.-1-iDineTests";
				PRODUCT_NAME = "$(TARGET_NAME)";
				SWIFT_VERSION = 5.0;
				TARGETED_DEVICE_FAMILY = "1,2";
				TEST_HOST = "$(BUILT_PRODUCTS_DIR)/01-iDine.app/01-iDine";
			};
			name = Debug;
		};
		A59129E0251FB8F700BD9435 /* Release */ = {
			isa = XCBuildConfiguration;
			buildSettings = {
				ALWAYS_EMBED_SWIFT_STANDARD_LIBRARIES = YES;
				BUNDLE_LOADER = "$(TEST_HOST)";
				CODE_SIGN_STYLE = Automatic;
				DEVELOPMENT_TEAM = 4559K3V46Q;
				INFOPLIST_FILE = "01-iDineTests/Info.plist";
				IPHONEOS_DEPLOYMENT_TARGET = 14.0;
				LD_RUNPATH_SEARCH_PATHS = (
					"$(inherited)",
					"@executable_path/Frameworks",
					"@loader_path/Frameworks",
				);
				PRODUCT_BUNDLE_IDENTIFIER = "com.thedarkdimension.-1-iDineTests";
				PRODUCT_NAME = "$(TARGET_NAME)";
				SWIFT_VERSION = 5.0;
				TARGETED_DEVICE_FAMILY = "1,2";
				TEST_HOST = "$(BUILT_PRODUCTS_DIR)/01-iDine.app/01-iDine";
			};
			name = Release;
		};
		A59129E2251FB8F700BD9435 /* Debug */ = {
			isa = XCBuildConfiguration;
			buildSettings = {
				ALWAYS_EMBED_SWIFT_STANDARD_LIBRARIES = YES;
				CODE_SIGN_STYLE = Automatic;
				DEVELOPMENT_TEAM = 4559K3V46Q;
				INFOPLIST_FILE = "01-iDineUITests/Info.plist";
				LD_RUNPATH_SEARCH_PATHS = (
					"$(inherited)",
					"@executable_path/Frameworks",
					"@loader_path/Frameworks",
				);
				PRODUCT_BUNDLE_IDENTIFIER = "com.thedarkdimension.-1-iDineUITests";
				PRODUCT_NAME = "$(TARGET_NAME)";
				SWIFT_VERSION = 5.0;
				TARGETED_DEVICE_FAMILY = "1,2";
				TEST_TARGET_NAME = "01-iDine";
			};
			name = Debug;
		};
		A59129E3251FB8F700BD9435 /* Release */ = {
			isa = XCBuildConfiguration;
			buildSettings = {
				ALWAYS_EMBED_SWIFT_STANDARD_LIBRARIES = YES;
				CODE_SIGN_STYLE = Automatic;
				DEVELOPMENT_TEAM = 4559K3V46Q;
				INFOPLIST_FILE = "01-iDineUITests/Info.plist";
				LD_RUNPATH_SEARCH_PATHS = (
					"$(inherited)",
					"@executable_path/Frameworks",
					"@loader_path/Frameworks",
				);
				PRODUCT_BUNDLE_IDENTIFIER = "com.thedarkdimension.-1-iDineUITests";
				PRODUCT_NAME = "$(TARGET_NAME)";
				SWIFT_VERSION = 5.0;
				TARGETED_DEVICE_FAMILY = "1,2";
				TEST_TARGET_NAME = "01-iDine";
			};
			name = Release;
		};
/* End XCBuildConfiguration section */

/* Begin XCConfigurationList section */
		A59129B1251FB8F500BD9435 /* Build configuration list for PBXProject "01-iDine" */ = {
			isa = XCConfigurationList;
			buildConfigurations = (
				A59129D9251FB8F700BD9435 /* Debug */,
				A59129DA251FB8F700BD9435 /* Release */,
			);
			defaultConfigurationIsVisible = 0;
			defaultConfigurationName = Release;
		};
		A59129DB251FB8F700BD9435 /* Build configuration list for PBXNativeTarget "01-iDine" */ = {
			isa = XCConfigurationList;
			buildConfigurations = (
				A59129DC251FB8F700BD9435 /* Debug */,
				A59129DD251FB8F700BD9435 /* Release */,
			);
			defaultConfigurationIsVisible = 0;
			defaultConfigurationName = Release;
		};
		A59129DE251FB8F700BD9435 /* Build configuration list for PBXNativeTarget "01-iDineTests" */ = {
			isa = XCConfigurationList;
			buildConfigurations = (
				A59129DF251FB8F700BD9435 /* Debug */,
				A59129E0251FB8F700BD9435 /* Release */,
			);
			defaultConfigurationIsVisible = 0;
			defaultConfigurationName = Release;
		};
		A59129E1251FB8F700BD9435 /* Build configuration list for PBXNativeTarget "01-iDineUITests" */ = {
			isa = XCConfigurationList;
			buildConfigurations = (
				A59129E2251FB8F700BD9435 /* Debug */,
				A59129E3251FB8F700BD9435 /* Release */,
			);
			defaultConfigurationIsVisible = 0;
			defaultConfigurationName = Release;
		};
/* End XCConfigurationList section */
	};
	rootObject = A59129AE251FB8F500BD9435 /* Project object */;
}
